
Microsoft Visual Studio Solution File, Format Version 12.00
# Visual Studio 15
VisualStudioVersion = 15.0.28010.2046
MinimumVisualStudioVersion = 10.0.40219.1
Project("{FAE04EC0-301F-11D3-BF4B-00C04F79EFBC}") = "WinPalindrome", "WinPalindrome\WinPalindrome.csproj", "{95621284-5DCF-4A0F-A749-A974EBDCEAB3}"
EndProject
Project("{FAE04EC0-301F-11D3-BF4B-00C04F79EFBC}") = "BllPalindrome", "BllPalindrome\BllPalindrome.csproj", "{31FCBA43-6676-45C7-A9AE-B20C2FCE7A12}"
EndProject
Project("{FAE04EC0-301F-11D3-BF4B-00C04F79EFBC}") = "DalPalindrome", "DalPalindrome\DalPalindrome.csproj", "{B83F80BA-B379-4058-A18C-99AD66094F3B}"
EndProject
Global
	GlobalSection(SolutionConfigurationPlatforms) = preSolution
		Debug|Any CPU = Debug|Any CPU
		Release|Any CPU = Release|Any CPU
	EndGlobalSection
	GlobalSection(ProjectConfigurationPlatforms) = postSolution
		{95621284-5DCF-4A0F-A749-A974EBDCEAB3}.Debug|Any CPU.ActiveCfg = Debug|Any CPU
		{95621284-5DCF-4A0F-A749-A974EBDCEAB3}.Debug|Any CPU.Build.0 = Debug|Any CPU
		{95621284-5DCF-4A0F-A749-A974EBDCEAB3}.Release|Any CPU.ActiveCfg = Release|Any CPU
		{95621284-5DCF-4A0F-A749-A974EBDCEAB3}.Release|Any CPU.Build.0 = Release|Any CPU
		{31FCBA43-6676-45C7-A9AE-B20C2FCE7A12}.Debug|Any CPU.ActiveCfg = Debug|Any CPU
		{31FCBA43-6676-45C7-A9AE-B20C2FCE7A12}.Debug|Any CPU.Build.0 = Debug|Any CPU
		{31FCBA43-6676-45C7-A9AE-B20C2FCE7A12}.Release|Any CPU.ActiveCfg = Release|Any CPU
		{31FCBA43-6676-45C7-A9AE-B20C2FCE7A12}.Release|Any CPU.Build.0 = Release|Any CPU
		{B83F80BA-B379-4058-A18C-99AD66094F3B}.Debug|Any CPU.ActiveCfg = Debug|Any CPU
		{B83F80BA-B379-4058-A18C-99AD66094F3B}.Debug|Any CPU.Build.0 = Debug|Any CPU
		{B83F80BA-B379-4058-A18C-99AD66094F3B}.Release|Any CPU.ActiveCfg = Release|Any CPU
		{B83F80BA-B379-4058-A18C-99AD66094F3B}.Release|Any CPU.Build.0 = Release|Any CPU
	EndGlobalSection
	GlobalSection(SolutionProperties) = preSolution
		HideSolutionNode = FALSE
	EndGlobalSection
	GlobalSection(ExtensibilityGlobals) = postSolution
		SolutionGuid = {186147A3-9E1D-4C67-B144-3A0AAD0FA2F2}
	EndGlobalSection
EndGlobal
